// !$*UTF8*$!
{
	archiveVersion = 1;
	classes = {
	};
	objectVersion = 55;
	objects = {

/* Begin PBXBuildFile section */
		0EA5053528918139009582AB /* AppDelegate.swift in Sources */ = {isa = PBXBuildFile; fileRef = 0EA5053428918139009582AB /* AppDelegate.swift */; };
		0EA5053728918139009582AB /* SceneDelegate.swift in Sources */ = {isa = PBXBuildFile; fileRef = 0EA5053628918139009582AB /* SceneDelegate.swift */; };
		0EA5053928918139009582AB /* ViewController.swift in Sources */ = {isa = PBXBuildFile; fileRef = 0EA5053828918139009582AB /* ViewController.swift */; };
		0EA5053C28918139009582AB /* Main.storyboard in Resources */ = {isa = PBXBuildFile; fileRef = 0EA5053A28918139009582AB /* Main.storyboard */; };
		0EA5053E28918139009582AB /* Assets.xcassets in Resources */ = {isa = PBXBuildFile; fileRef = 0EA5053D28918139009582AB /* Assets.xcassets */; };
		0EA5054128918139009582AB /* LaunchScreen.storyboard in Resources */ = {isa = PBXBuildFile; fileRef = 0EA5053F28918139009582AB /* LaunchScreen.storyboard */; };
		0EA5054C289182F8009582AB /* User.swift in Sources */ = {isa = PBXBuildFile; fileRef = 0EA5054B289182F8009582AB /* User.swift */; };
		30A6A18D289802FA0039EC33 /* AddPetStoryboard.storyboard in Resources */ = {isa = PBXBuildFile; fileRef = 30A6A18C289802FA0039EC33 /* AddPetStoryboard.storyboard */; };
		30A6A193289809D10039EC33 /* AddPetViewController.swift in Sources */ = {isa = PBXBuildFile; fileRef = 30A6A192289809D10039EC33 /* AddPetViewController.swift */; };
		30A6A19528980A810039EC33 /* VacChoserTableViewController.swift in Sources */ = {isa = PBXBuildFile; fileRef = 30A6A19428980A810039EC33 /* VacChoserTableViewController.swift */; };
		30A6A19728980AE40039EC33 /* NameCell.swift in Sources */ = {isa = PBXBuildFile; fileRef = 30A6A19628980AE40039EC33 /* NameCell.swift */; };
		30A6A19928980B020039EC33 /* AgeCell.swift in Sources */ = {isa = PBXBuildFile; fileRef = 30A6A19828980B020039EC33 /* AgeCell.swift */; };
		30A6A19B28980B4F0039EC33 /* BreedCell.swift in Sources */ = {isa = PBXBuildFile; fileRef = 30A6A19A28980B4F0039EC33 /* BreedCell.swift */; };
		30A6A19D28980B740039EC33 /* AdditionalCell.swift in Sources */ = {isa = PBXBuildFile; fileRef = 30A6A19C28980B740039EC33 /* AdditionalCell.swift */; };
		30A6A19F28980BA40039EC33 /* VacChoserCell.swift in Sources */ = {isa = PBXBuildFile; fileRef = 30A6A19E28980BA40039EC33 /* VacChoserCell.swift */; };
		30A6A1A128980C100039EC33 /* DataStore.swift in Sources */ = {isa = PBXBuildFile; fileRef = 30A6A1A028980C100039EC33 /* DataStore.swift */; };
		30A6A1A328980DCB0039EC33 /* UserModel.swift in Sources */ = {isa = PBXBuildFile; fileRef = 30A6A1A228980DCB0039EC33 /* UserModel.swift */; };
/* End PBXBuildFile section */

/* Begin PBXFileReference section */
		0EA5053128918139009582AB /* PetProject.app */ = {isa = PBXFileReference; explicitFileType = wrapper.application; includeInIndex = 0; path = PetProject.app; sourceTree = BUILT_PRODUCTS_DIR; };
		0EA5053428918139009582AB /* AppDelegate.swift */ = {isa = PBXFileReference; lastKnownFileType = sourcecode.swift; path = AppDelegate.swift; sourceTree = "<group>"; };
		0EA5053628918139009582AB /* SceneDelegate.swift */ = {isa = PBXFileReference; lastKnownFileType = sourcecode.swift; path = SceneDelegate.swift; sourceTree = "<group>"; };
		0EA5053828918139009582AB /* ViewController.swift */ = {isa = PBXFileReference; lastKnownFileType = sourcecode.swift; path = ViewController.swift; sourceTree = "<group>"; };
		0EA5053B28918139009582AB /* Base */ = {isa = PBXFileReference; lastKnownFileType = file.storyboard; name = Base; path = Base.lproj/Main.storyboard; sourceTree = "<group>"; };
		0EA5053D28918139009582AB /* Assets.xcassets */ = {isa = PBXFileReference; lastKnownFileType = folder.assetcatalog; path = Assets.xcassets; sourceTree = "<group>"; };
		0EA5054028918139009582AB /* Base */ = {isa = PBXFileReference; lastKnownFileType = file.storyboard; name = Base; path = Base.lproj/LaunchScreen.storyboard; sourceTree = "<group>"; };
		0EA5054228918139009582AB /* Info.plist */ = {isa = PBXFileReference; lastKnownFileType = text.plist.xml; path = Info.plist; sourceTree = "<group>"; };
		0EA5054B289182F8009582AB /* User.swift */ = {isa = PBXFileReference; lastKnownFileType = sourcecode.swift; path = User.swift; sourceTree = "<group>"; };
		30A6A18C289802FA0039EC33 /* AddPetStoryboard.storyboard */ = {isa = PBXFileReference; lastKnownFileType = file.storyboard; path = AddPetStoryboard.storyboard; sourceTree = "<group>"; };
		30A6A192289809D10039EC33 /* AddPetViewController.swift */ = {isa = PBXFileReference; lastKnownFileType = sourcecode.swift; path = AddPetViewController.swift; sourceTree = "<group>"; };
		30A6A19428980A810039EC33 /* VacChoserTableViewController.swift */ = {isa = PBXFileReference; lastKnownFileType = sourcecode.swift; path = VacChoserTableViewController.swift; sourceTree = "<group>"; };
		30A6A19628980AE40039EC33 /* NameCell.swift */ = {isa = PBXFileReference; lastKnownFileType = sourcecode.swift; path = NameCell.swift; sourceTree = "<group>"; };
		30A6A19828980B020039EC33 /* AgeCell.swift */ = {isa = PBXFileReference; lastKnownFileType = sourcecode.swift; path = AgeCell.swift; sourceTree = "<group>"; };
		30A6A19A28980B4F0039EC33 /* BreedCell.swift */ = {isa = PBXFileReference; lastKnownFileType = sourcecode.swift; path = BreedCell.swift; sourceTree = "<group>"; };
		30A6A19C28980B740039EC33 /* AdditionalCell.swift */ = {isa = PBXFileReference; lastKnownFileType = sourcecode.swift; path = AdditionalCell.swift; sourceTree = "<group>"; };
		30A6A19E28980BA40039EC33 /* VacChoserCell.swift */ = {isa = PBXFileReference; lastKnownFileType = sourcecode.swift; path = VacChoserCell.swift; sourceTree = "<group>"; };
		30A6A1A028980C100039EC33 /* DataStore.swift */ = {isa = PBXFileReference; lastKnownFileType = sourcecode.swift; path = DataStore.swift; sourceTree = "<group>"; };
		30A6A1A228980DCB0039EC33 /* UserModel.swift */ = {isa = PBXFileReference; lastKnownFileType = sourcecode.swift; path = UserModel.swift; sourceTree = "<group>"; };
/* End PBXFileReference section */

/* Begin PBXFrameworksBuildPhase section */
		0EA5052E28918139009582AB /* Frameworks */ = {
			isa = PBXFrameworksBuildPhase;
			buildActionMask = 2147483647;
			files = (
			);
			runOnlyForDeploymentPostprocessing = 0;
		};
/* End PBXFrameworksBuildPhase section */

/* Begin PBXGroup section */
		0EA5052828918139009582AB = {
			isa = PBXGroup;
			children = (
				0EA5053328918139009582AB /* PetProject */,
				0EA5053228918139009582AB /* Products */,
			);
			sourceTree = "<group>";
		};
		0EA5053228918139009582AB /* Products */ = {
			isa = PBXGroup;
			children = (
				0EA5053128918139009582AB /* PetProject.app */,
			);
			name = Products;
			sourceTree = "<group>";
		};
		0EA5053328918139009582AB /* PetProject */ = {
			isa = PBXGroup;
			children = (
				30A6A18B2898029F0039EC33 /* AddPetScreen */,
				0EA5054928918165009582AB /* App */,
				0EA5054A289182E2009582AB /* Models */,
				0EA505482891814C009582AB /* Storyboards */,
				0EA5054D2891835E009582AB /* ViewControllers */,
				0EA5053D28918139009582AB /* Assets.xcassets */,
			);
			path = PetProject;
			sourceTree = "<group>";
		};
		0EA505482891814C009582AB /* Storyboards */ = {
			isa = PBXGroup;
			children = (
				0EA5053F28918139009582AB /* LaunchScreen.storyboard */,
				0EA5053A28918139009582AB /* Main.storyboard */,
			);
			path = Storyboards;
			sourceTree = "<group>";
		};
		0EA5054928918165009582AB /* App */ = {
			isa = PBXGroup;
			children = (
				0EA5053628918139009582AB /* SceneDelegate.swift */,
				0EA5053428918139009582AB /* AppDelegate.swift */,
				0EA5054228918139009582AB /* Info.plist */,
			);
			path = App;
			sourceTree = "<group>";
		};
		0EA5054A289182E2009582AB /* Models */ = {
			isa = PBXGroup;
			children = (
				0EA5054B289182F8009582AB /* User.swift */,
			);
			path = Models;
			sourceTree = "<group>";
		};
		0EA5054D2891835E009582AB /* ViewControllers */ = {
			isa = PBXGroup;
			children = (
				0EA5053828918139009582AB /* ViewController.swift */,
			);
			path = ViewControllers;
			sourceTree = "<group>";
		};
		30A6A18B2898029F0039EC33 /* AddPetScreen */ = {
			isa = PBXGroup;
			children = (
				30A6A18E289808E00039EC33 /* Cells */,
				30A6A191289809370039EC33 /* ViewControlles */,
				30A6A190289809180039EC33 /* DataSource */,
				30A6A18F289809090039EC33 /* Model */,
				30A6A18C289802FA0039EC33 /* AddPetStoryboard.storyboard */,
			);
			path = AddPetScreen;
			sourceTree = "<group>";
		};
		30A6A18E289808E00039EC33 /* Cells */ = {
			isa = PBXGroup;
			children = (
				30A6A19628980AE40039EC33 /* NameCell.swift */,
				30A6A19828980B020039EC33 /* AgeCell.swift */,
				30A6A19A28980B4F0039EC33 /* BreedCell.swift */,
				30A6A19C28980B740039EC33 /* AdditionalCell.swift */,
				30A6A19E28980BA40039EC33 /* VacChoserCell.swift */,
			);
			path = Cells;
			sourceTree = "<group>";
		};
		30A6A18F289809090039EC33 /* Model */ = {
			isa = PBXGroup;
			children = (
				30A6A1A228980DCB0039EC33 /* UserModel.swift */,
			);
			path = Model;
			sourceTree = "<group>";
		};
		30A6A190289809180039EC33 /* DataSource */ = {
			isa = PBXGroup;
			children = (
				30A6A1A028980C100039EC33 /* DataStore.swift */,
			);
			path = DataSource;
			sourceTree = "<group>";
		};
		30A6A191289809370039EC33 /* ViewControlles */ = {
			isa = PBXGroup;
			children = (
				30A6A192289809D10039EC33 /* AddPetViewController.swift */,
				30A6A19428980A810039EC33 /* VacChoserTableViewController.swift */,
			);
			path = ViewControlles;
			sourceTree = "<group>";
		};
/* End PBXGroup section */

/* Begin PBXNativeTarget section */
		0EA5053028918139009582AB /* PetProject */ = {
			isa = PBXNativeTarget;
			buildConfigurationList = 0EA5054528918139009582AB /* Build configuration list for PBXNativeTarget "PetProject" */;
			buildPhases = (
				0EA5052D28918139009582AB /* Sources */,
				0EA5052E28918139009582AB /* Frameworks */,
				0EA5052F28918139009582AB /* Resources */,
			);
			buildRules = (
			);
			dependencies = (
			);
			name = PetProject;
			productName = PetProject;
			productReference = 0EA5053128918139009582AB /* PetProject.app */;
			productType = "com.apple.product-type.application";
		};
/* End PBXNativeTarget section */

/* Begin PBXProject section */
		0EA5052928918139009582AB /* Project object */ = {
			isa = PBXProject;
			attributes = {
				BuildIndependentTargetsInParallel = 1;
				LastSwiftUpdateCheck = 1340;
				LastUpgradeCheck = 1340;
				TargetAttributes = {
					0EA5053028918139009582AB = {
						CreatedOnToolsVersion = 13.4;
					};
				};
			};
			buildConfigurationList = 0EA5052C28918139009582AB /* Build configuration list for PBXProject "PetProject" */;
			compatibilityVersion = "Xcode 13.0";
			developmentRegion = en;
			hasScannedForEncodings = 0;
			knownRegions = (
				en,
				Base,
			);
			mainGroup = 0EA5052828918139009582AB;
			productRefGroup = 0EA5053228918139009582AB /* Products */;
			projectDirPath = "";
			projectRoot = "";
			targets = (
				0EA5053028918139009582AB /* PetProject */,
			);
		};
/* End PBXProject section */

/* Begin PBXResourcesBuildPhase section */
		0EA5052F28918139009582AB /* Resources */ = {
			isa = PBXResourcesBuildPhase;
			buildActionMask = 2147483647;
			files = (
				0EA5054128918139009582AB /* LaunchScreen.storyboard in Resources */,
				30A6A18D289802FA0039EC33 /* AddPetStoryboard.storyboard in Resources */,
				0EA5053E28918139009582AB /* Assets.xcassets in Resources */,
				0EA5053C28918139009582AB /* Main.storyboard in Resources */,
			);
			runOnlyForDeploymentPostprocessing = 0;
		};
/* End PBXResourcesBuildPhase section */

/* Begin PBXSourcesBuildPhase section */
		0EA5052D28918139009582AB /* Sources */ = {
			isa = PBXSourcesBuildPhase;
			buildActionMask = 2147483647;
			files = (
				30A6A19F28980BA40039EC33 /* VacChoserCell.swift in Sources */,
				30A6A1A128980C100039EC33 /* DataStore.swift in Sources */,
				30A6A19B28980B4F0039EC33 /* BreedCell.swift in Sources */,
				30A6A19528980A810039EC33 /* VacChoserTableViewController.swift in Sources */,
				0EA5054C289182F8009582AB /* User.swift in Sources */,
				30A6A1A328980DCB0039EC33 /* UserModel.swift in Sources */,
				30A6A19728980AE40039EC33 /* NameCell.swift in Sources */,
				0EA5053928918139009582AB /* ViewController.swift in Sources */,
				30A6A193289809D10039EC33 /* AddPetViewController.swift in Sources */,
				30A6A19928980B020039EC33 /* AgeCell.swift in Sources */,
				0EA5053528918139009582AB /* AppDelegate.swift in Sources */,
				30A6A19D28980B740039EC33 /* AdditionalCell.swift in Sources */,
				0EA5053728918139009582AB /* SceneDelegate.swift in Sources */,
			);
			runOnlyForDeploymentPostprocessing = 0;
		};
/* End PBXSourcesBuildPhase section */

/* Begin PBXVariantGroup section */
		0EA5053A28918139009582AB /* Main.storyboard */ = {
			isa = PBXVariantGroup;
			children = (
				0EA5053B28918139009582AB /* Base */,
			);
			name = Main.storyboard;
			sourceTree = "<group>";
		};
		0EA5053F28918139009582AB /* LaunchScreen.storyboard */ = {
			isa = PBXVariantGroup;
			children = (
				0EA5054028918139009582AB /* Base */,
			);
			name = LaunchScreen.storyboard;
			sourceTree = "<group>";
		};
/* End PBXVariantGroup section */

/* Begin XCBuildConfiguration section */
		0EA5054328918139009582AB /* Debug */ = {
			isa = XCBuildConfiguration;
			buildSettings = {
				ALWAYS_SEARCH_USER_PATHS = NO;
				CLANG_ANALYZER_NONNULL = YES;
				CLANG_ANALYZER_NUMBER_OBJECT_CONVERSION = YES_AGGRESSIVE;
				CLANG_CXX_LANGUAGE_STANDARD = "gnu++17";
				CLANG_ENABLE_MODULES = YES;
				CLANG_ENABLE_OBJC_ARC = YES;
				CLANG_ENABLE_OBJC_WEAK = YES;
				CLANG_WARN_BLOCK_CAPTURE_AUTORELEASING = YES;
				CLANG_WARN_BOOL_CONVERSION = YES;
				CLANG_WARN_COMMA = YES;
				CLANG_WARN_CONSTANT_CONVERSION = YES;
				CLANG_WARN_DEPRECATED_OBJC_IMPLEMENTATIONS = YES;
				CLANG_WARN_DIRECT_OBJC_ISA_USAGE = YES_ERROR;
				CLANG_WARN_DOCUMENTATION_COMMENTS = YES;
				CLANG_WARN_EMPTY_BODY = YES;
				CLANG_WARN_ENUM_CONVERSION = YES;
				CLANG_WARN_INFINITE_RECURSION = YES;
				CLANG_WARN_INT_CONVERSION = YES;
				CLANG_WARN_NON_LITERAL_NULL_CONVERSION = YES;
				CLANG_WARN_OBJC_IMPLICIT_RETAIN_SELF = YES;
				CLANG_WARN_OBJC_LITERAL_CONVERSION = YES;
				CLANG_WARN_OBJC_ROOT_CLASS = YES_ERROR;
				CLANG_WARN_QUOTED_INCLUDE_IN_FRAMEWORK_HEADER = YES;
				CLANG_WARN_RANGE_LOOP_ANALYSIS = YES;
				CLANG_WARN_STRICT_PROTOTYPES = YES;
				CLANG_WARN_SUSPICIOUS_MOVE = YES;
				CLANG_WARN_UNGUARDED_AVAILABILITY = YES_AGGRESSIVE;
				CLANG_WARN_UNREACHABLE_CODE = YES;
				CLANG_WARN__DUPLICATE_METHOD_MATCH = YES;
				COPY_PHASE_STRIP = NO;
				DEBUG_INFORMATION_FORMAT = dwarf;
				ENABLE_STRICT_OBJC_MSGSEND = YES;
				ENABLE_TESTABILITY = YES;
				GCC_C_LANGUAGE_STANDARD = gnu11;
				GCC_DYNAMIC_NO_PIC = NO;
				GCC_NO_COMMON_BLOCKS = YES;
				GCC_OPTIMIZATION_LEVEL = 0;
				GCC_PREPROCESSOR_DEFINITIONS = (
					"DEBUG=1",
					"$(inherited)",
				);
				GCC_WARN_64_TO_32_BIT_CONVERSION = YES;
				GCC_WARN_ABOUT_RETURN_TYPE = YES_ERROR;
				GCC_WARN_UNDECLARED_SELECTOR = YES;
				GCC_WARN_UNINITIALIZED_AUTOS = YES_AGGRESSIVE;
				GCC_WARN_UNUSED_FUNCTION = YES;
				GCC_WARN_UNUSED_VARIABLE = YES;
				IPHONEOS_DEPLOYMENT_TARGET = 15.5;
				MTL_ENABLE_DEBUG_INFO = INCLUDE_SOURCE;
				MTL_FAST_MATH = YES;
				ONLY_ACTIVE_ARCH = YES;
				SDKROOT = iphoneos;
				SWIFT_ACTIVE_COMPILATION_CONDITIONS = DEBUG;
				SWIFT_OPTIMIZATION_LEVEL = "-Onone";
			};
			name = Debug;
		};
		0EA5054428918139009582AB /* Release */ = {
			isa = XCBuildConfiguration;
			buildSettings = {
				ALWAYS_SEARCH_USER_PATHS = NO;
				CLANG_ANALYZER_NONNULL = YES;
				CLANG_ANALYZER_NUMBER_OBJECT_CONVERSION = YES_AGGRESSIVE;
				CLANG_CXX_LANGUAGE_STANDARD = "gnu++17";
				CLANG_ENABLE_MODULES = YES;
				CLANG_ENABLE_OBJC_ARC = YES;
				CLANG_ENABLE_OBJC_WEAK = YES;
				CLANG_WARN_BLOCK_CAPTURE_AUTORELEASING = YES;
				CLANG_WARN_BOOL_CONVERSION = YES;
				CLANG_WARN_COMMA = YES;
				CLANG_WARN_CONSTANT_CONVERSION = YES;
				CLANG_WARN_DEPRECATED_OBJC_IMPLEMENTATIONS = YES;
				CLANG_WARN_DIRECT_OBJC_ISA_USAGE = YES_ERROR;
				CLANG_WARN_DOCUMENTATION_COMMENTS = YES;
				CLANG_WARN_EMPTY_BODY = YES;
				CLANG_WARN_ENUM_CONVERSION = YES;
				CLANG_WARN_INFINITE_RECURSION = YES;
				CLANG_WARN_INT_CONVERSION = YES;
				CLANG_WARN_NON_LITERAL_NULL_CONVERSION = YES;
				CLANG_WARN_OBJC_IMPLICIT_RETAIN_SELF = YES;
				CLANG_WARN_OBJC_LITERAL_CONVERSION = YES;
				CLANG_WARN_OBJC_ROOT_CLASS = YES_ERROR;
				CLANG_WARN_QUOTED_INCLUDE_IN_FRAMEWORK_HEADER = YES;
				CLANG_WARN_RANGE_LOOP_ANALYSIS = YES;
				CLANG_WARN_STRICT_PROTOTYPES = YES;
				CLANG_WARN_SUSPICIOUS_MOVE = YES;
				CLANG_WARN_UNGUARDED_AVAILABILITY = YES_AGGRESSIVE;
				CLANG_WARN_UNREACHABLE_CODE = YES;
				CLANG_WARN__DUPLICATE_METHOD_MATCH = YES;
				COPY_PHASE_STRIP = NO;
				DEBUG_INFORMATION_FORMAT = "dwarf-with-dsym";
				ENABLE_NS_ASSERTIONS = NO;
				ENABLE_STRICT_OBJC_MSGSEND = YES;
				GCC_C_LANGUAGE_STANDARD = gnu11;
				GCC_NO_COMMON_BLOCKS = YES;
				GCC_WARN_64_TO_32_BIT_CONVERSION = YES;
				GCC_WARN_ABOUT_RETURN_TYPE = YES_ERROR;
				GCC_WARN_UNDECLARED_SELECTOR = YES;
				GCC_WARN_UNINITIALIZED_AUTOS = YES_AGGRESSIVE;
				GCC_WARN_UNUSED_FUNCTION = YES;
				GCC_WARN_UNUSED_VARIABLE = YES;
				IPHONEOS_DEPLOYMENT_TARGET = 15.5;
				MTL_ENABLE_DEBUG_INFO = NO;
				MTL_FAST_MATH = YES;
				SDKROOT = iphoneos;
				SWIFT_COMPILATION_MODE = wholemodule;
				SWIFT_OPTIMIZATION_LEVEL = "-O";
				VALIDATE_PRODUCT = YES;
			};
			name = Release;
		};
		0EA5054628918139009582AB /* Debug */ = {
			isa = XCBuildConfiguration;
			buildSettings = {
				ASSETCATALOG_COMPILER_APPICON_NAME = AppIcon;
				ASSETCATALOG_COMPILER_GLOBAL_ACCENT_COLOR_NAME = AccentColor;
				CODE_SIGN_STYLE = Automatic;
				CURRENT_PROJECT_VERSION = 1;
				DEVELOPMENT_TEAM = G56833V6RD;
				GENERATE_INFOPLIST_FILE = YES;
				INFOPLIST_FILE = PetProject/App/Info.plist;
				INFOPLIST_KEY_UIApplicationSupportsIndirectInputEvents = YES;
				INFOPLIST_KEY_UILaunchStoryboardName = LaunchScreen;
				INFOPLIST_KEY_UIMainStoryboardFile = Main;
				INFOPLIST_KEY_UISupportedInterfaceOrientations_iPad = "UIInterfaceOrientationPortrait UIInterfaceOrientationPortraitUpsideDown UIInterfaceOrientationLandscapeLeft UIInterfaceOrientationLandscapeRight";
				INFOPLIST_KEY_UISupportedInterfaceOrientations_iPhone = "UIInterfaceOrientationPortrait UIInterfaceOrientationLandscapeLeft UIInterfaceOrientationLandscapeRight";
				IPHONEOS_DEPLOYMENT_TARGET = 14.0;
				LD_RUNPATH_SEARCH_PATHS = (
					"$(inherited)",
					"@executable_path/Frameworks",
				);
				MARKETING_VERSION = 0.1;
				PRODUCT_BUNDLE_IDENTIFIER = "Vardant-Coding.PetProject";
				PRODUCT_NAME = "$(TARGET_NAME)";
				SWIFT_EMIT_LOC_STRINGS = YES;
				SWIFT_VERSION = 5.0;
				TARGETED_DEVICE_FAMILY = 1;
			};
			name = Debug;
		};
		0EA5054728918139009582AB /* Release */ = {
			isa = XCBuildConfiguration;
			buildSettings = {
				ASSETCATALOG_COMPILER_APPICON_NAME = AppIcon;
				ASSETCATALOG_COMPILER_GLOBAL_ACCENT_COLOR_NAME = AccentColor;
				CODE_SIGN_STYLE = Automatic;
				CURRENT_PROJECT_VERSION = 1;
				DEVELOPMENT_TEAM = G56833V6RD;
				GENERATE_INFOPLIST_FILE = YES;
				INFOPLIST_FILE = PetProject/App/Info.plist;
				INFOPLIST_KEY_UIApplicationSupportsIndirectInputEvents = YES;
				INFOPLIST_KEY_UILaunchStoryboardName = LaunchScreen;
				INFOPLIST_KEY_UIMainStoryboardFile = Main;
				INFOPLIST_KEY_UISupportedInterfaceOrientations_iPad = "UIInterfaceOrientationPortrait UIInterfaceOrientationPortraitUpsideDown UIInterfaceOrientationLandscapeLeft UIInterfaceOrientationLandscapeRight";
				INFOPLIST_KEY_UISupportedInterfaceOrientations_iPhone = "UIInterfaceOrientationPortrait UIInterfaceOrientationLandscapeLeft UIInterfaceOrientationLandscapeRight";
				IPHONEOS_DEPLOYMENT_TARGET = 14.0;
				LD_RUNPATH_SEARCH_PATHS = (
					"$(inherited)",
					"@executable_path/Frameworks",
				);
				MARKETING_VERSION = 0.1;
				PRODUCT_BUNDLE_IDENTIFIER = "Vardant-Coding.PetProject";
				PRODUCT_NAME = "$(TARGET_NAME)";
				SWIFT_EMIT_LOC_STRINGS = YES;
				SWIFT_VERSION = 5.0;
				TARGETED_DEVICE_FAMILY = 1;
			};
			name = Release;
		};
/* End XCBuildConfiguration section */

/* Begin XCConfigurationList section */
		0EA5052C28918139009582AB /* Build configuration list for PBXProject "PetProject" */ = {
			isa = XCConfigurationList;
			buildConfigurations = (
				0EA5054328918139009582AB /* Debug */,
				0EA5054428918139009582AB /* Release */,
			);
			defaultConfigurationIsVisible = 0;
			defaultConfigurationName = Release;
		};
		0EA5054528918139009582AB /* Build configuration list for PBXNativeTarget "PetProject" */ = {
			isa = XCConfigurationList;
			buildConfigurations = (
				0EA5054628918139009582AB /* Debug */,
				0EA5054728918139009582AB /* Release */,
			);
			defaultConfigurationIsVisible = 0;
			defaultConfigurationName = Release;
		};
/* End XCConfigurationList section */
	};
	rootObject = 0EA5052928918139009582AB /* Project object */;
}
